
Microsoft Visual Studio Solution File, Format Version 12.00
# Visual Studio Version 16
VisualStudioVersion = 16.0.31702.278
MinimumVisualStudioVersion = 10.0.40219.1
Project("{FAE04EC0-301F-11D3-BF4B-00C04F79EFBC}") = "WindowsFormsApp1", "WindowsFormsApp1.csproj", "{DBE777BF-E2F9-4B37-86A2-4CB8E03AB297}"
EndProject
Global
	GlobalSection(SolutionConfigurationPlatforms) = preSolution
		Debug|Any CPU = Debug|Any CPU
		Release|Any CPU = Release|Any CPU
	EndGlobalSection
	GlobalSection(ProjectConfigurationPlatforms) = postSolution
		{DBE777BF-E2F9-4B37-86A2-4CB8E03AB297}.Debug|Any CPU.ActiveCfg = Debug|Any CPU
		{DBE777BF-E2F9-4B37-86A2-4CB8E03AB297}.Debug|Any CPU.Build.0 = Debug|Any CPU
		{DBE777BF-E2F9-4B37-86A2-4CB8E03AB297}.Release|Any CPU.ActiveCfg = Release|Any CPU
		{DBE777BF-E2F9-4B37-86A2-4CB8E03AB297}.Release|Any CPU.Build.0 = Release|Any CPU
	EndGlobalSection
	GlobalSection(SolutionProperties) = preSolution
		HideSolutionNode = FALSE
	EndGlobalSection
	GlobalSection(ExtensibilityGlobals) = postSolution
		SolutionGuid = {7AEDFB6F-2459-4946-A4EE-83817283F749}
	EndGlobalSection
EndGlobal
